
Microsoft Visual Studio Solution File, Format Version 9.00
# Visual Studio 2005
Project("{FAE04EC0-301F-11D3-BF4B-00C04F79EFBC}") = "api", "api\api.csproj", "{62B1DA33-4412-4A98-A0B3-9B9921911125}"
EndProject
Global
	GlobalSection(SolutionConfigurationPlatforms) = preSolution
		Debug|Any CPU = Debug|Any CPU
		Release|Any CPU = Release|Any CPU
	EndGlobalSection
	GlobalSection(ProjectConfigurationPlatforms) = postSolution
		{62B1DA33-4412-4A98-A0B3-9B9921911125}.Debug|Any CPU.ActiveCfg = Debug|Any CPU
		{62B1DA33-4412-4A98-A0B3-9B9921911125}.Debug|Any CPU.Build.0 = Debug|Any CPU
		{62B1DA33-4412-4A98-A0B3-9B9921911125}.Release|Any CPU.ActiveCfg = Release|Any CPU
		{62B1DA33-4412-4A98-A0B3-9B9921911125}.Release|Any CPU.Build.0 = Release|Any CPU
	EndGlobalSection
	GlobalSection(SolutionProperties) = preSolution
		HideSolutionNode = FALSE
	EndGlobalSection
EndGlobal
